# THIS IS AN AUTOGENERATED FILE. DO NOT EDIT THIS FILE DIRECTLY.
# yarn lockfile v1


"@clerk/backend@^0.25.0":
  "integrity" "sha512-Dq/fgHsgRVDtQlHNpB7kn0Kk571sotbngIH6P1M8BFfMVPXwJrrUP8/rsh9LqbXMfQq4K2dTiCpMMwFTmjHFnA=="
  "resolved" "https://registry.npmjs.org/@clerk/backend/-/backend-0.25.0.tgz"
  "version" "0.25.0"
  dependencies:
    "@clerk/types" "^3.47.0"
    "@peculiar/webcrypto" "1.4.1"
    "@types/node" "16.18.6"
    "cookie" "0.5.0"
    "deepmerge" "4.2.2"
    "node-fetch-native" "1.0.1"
    "snakecase-keys" "5.4.4"
    "tslib" "2.4.1"

"@clerk/clerk-react@^4.22.1":
  "integrity" "sha512-5aAkkyFDWTnEg/52mojD/5x2VSowfgwmDOsrmNfFxx/CBnVAjc2zlpCdx92MMIWeEwAaTtms3Shq/PF6i7YVfw=="
  "resolved" "https://registry.npmjs.org/@clerk/clerk-react/-/clerk-react-4.22.1.tgz"
  "version" "4.22.1"
  dependencies:
    "@clerk/shared" "^0.20.0"
    "@clerk/types" "^3.47.0"
    "swr" "1.3.0"
    "tslib" "2.4.1"

"@clerk/clerk-sdk-node@^4.11.0":
  "integrity" "sha512-HvueZk2UWTNlBIJHq7m+0Jn84IPQzc1Mgj4NvmUBG9me46P78EmTuyGnNRMIUo0TnMnk3aHPIRLPn90Z0bpDTw=="
  "resolved" "https://registry.npmjs.org/@clerk/clerk-sdk-node/-/clerk-sdk-node-4.11.0.tgz"
  "version" "4.11.0"
  dependencies:
    "@clerk/backend" "^0.25.0"
    "@clerk/types" "^3.47.0"
    "@types/cookies" "0.7.7"
    "@types/express" "4.17.14"
    "@types/node-fetch" "2.6.2"
    "camelcase-keys" "6.2.2"
    "snakecase-keys" "3.2.1"
    "tslib" "2.4.1"

"@clerk/nextjs@^4.22.0":
  "integrity" "sha512-Y067LRnCEIhZuZ729IOJgPQwHAs7rTugCp9udv9oDJqzK6+NE95pqN2kPOHv0KbEjfweWW1Rmliiw6bZVKR6qg=="
  "resolved" "https://registry.npmjs.org/@clerk/nextjs/-/nextjs-4.22.0.tgz"
  "version" "4.22.0"
  dependencies:
    "@clerk/backend" "^0.25.0"
    "@clerk/clerk-react" "^4.22.1"
    "@clerk/clerk-sdk-node" "^4.11.0"
    "@clerk/types" "^3.47.0"
    "path-to-regexp" "6.2.1"
    "tslib" "2.4.1"

"@clerk/shared@^0.20.0":
  "integrity" "sha512-VbJZQ3DwF35qPNTa1u2r/UO0vEfk4Gzf8dzbbma6fLPRILAFovQGYb5Cwvmef+Qj7S0XPpOlW1lSYHBHL326gQ=="
  "resolved" "https://registry.npmjs.org/@clerk/shared/-/shared-0.20.0.tgz"
  "version" "0.20.0"
  dependencies:
    "glob-to-regexp" "0.4.1"
    "js-cookie" "3.0.1"
    "swr" "1.3.0"

"@clerk/types@^3.47.0":
  "integrity" "sha512-Cn9MxflUv+1LVzuk2j64DFGzoYXZjBjs5IVA2qwm+TqTButgZueUx95w6u7XvhCcnRS1Tb/apaVLXbX1m+mhhw=="
  "resolved" "https://registry.npmjs.org/@clerk/types/-/types-3.47.0.tgz"
  "version" "3.47.0"
  dependencies:
    "csstype" "3.1.1"

"@next/env@13.4.10":
  "integrity" "sha512-3G1yD/XKTSLdihyDSa8JEsaWOELY+OWe08o0LUYzfuHp1zHDA8SObQlzKt+v+wrkkPcnPweoLH1ImZeUa0A1NQ=="
  "resolved" "https://registry.npmjs.org/@next/env/-/env-13.4.10.tgz"
  "version" "13.4.10"

"@next/swc-linux-x64-gnu@13.4.10":
  "integrity" "sha512-WDv1YtAV07nhfy3i1visr5p/tjiH6CeXp4wX78lzP1jI07t4PnHHG1WEDFOduXh3WT4hG6yN82EQBQHDi7hBrQ=="
  "resolved" "https://registry.npmjs.org/@next/swc-linux-x64-gnu/-/swc-linux-x64-gnu-13.4.10.tgz"
  "version" "13.4.10"

"@next/swc-linux-x64-musl@13.4.10":
  "integrity" "sha512-zFkzqc737xr6qoBgDa3AwC7jPQzGLjDlkNmt/ljvQJ/Veri5ECdHjZCUuiTUfVjshNIIpki6FuP0RaQYK9iCRg=="
  "resolved" "https://registry.npmjs.org/@next/swc-linux-x64-musl/-/swc-linux-x64-musl-13.4.10.tgz"
  "version" "13.4.10"

"@peculiar/asn1-schema@^2.3.0", "@peculiar/asn1-schema@^2.3.6":
  "integrity" "sha512-izNRxPoaeJeg/AyH8hER6s+H7p4itk+03QCa4sbxI3lNdseQYCuxzgsuNK8bTXChtLTjpJz6NmXKA73qLa3rCA=="
  "resolved" "https://registry.npmjs.org/@peculiar/asn1-schema/-/asn1-schema-2.3.6.tgz"
  "version" "2.3.6"
  dependencies:
    "asn1js" "^3.0.5"
    "pvtsutils" "^1.3.2"
    "tslib" "^2.4.0"

"@peculiar/json-schema@^1.1.12":
  "integrity" "sha512-coUfuoMeIB7B8/NMekxaDzLhaYmp0HZNPEjYRm9goRou8UZIC3z21s0sL9AWoCw4EG876QyO3kYrc61WNF9B/w=="
  "resolved" "https://registry.npmjs.org/@peculiar/json-schema/-/json-schema-1.1.12.tgz"
  "version" "1.1.12"
  dependencies:
    "tslib" "^2.0.0"

"@peculiar/webcrypto@1.4.1":
  "integrity" "sha512-eK4C6WTNYxoI7JOabMoZICiyqRRtJB220bh0Mbj5RwRycleZf9BPyZoxsTvpP0FpmVS2aS13NKOuh5/tN3sIRw=="
  "resolved" "https://registry.npmjs.org/@peculiar/webcrypto/-/webcrypto-1.4.1.tgz"
  "version" "1.4.1"
  dependencies:
    "@peculiar/asn1-schema" "^2.3.0"
    "@peculiar/json-schema" "^1.1.12"
    "pvtsutils" "^1.3.2"
    "tslib" "^2.4.1"
    "webcrypto-core" "^1.7.4"

"@swc/helpers@0.5.1":
  "integrity" "sha512-sJ902EfIzn1Fa+qYmjdQqh8tPsoxyBz+8yBKC2HKUxyezKJFwPGOn7pv4WY6QuQW//ySQi5lJjA/ZT9sNWWNTg=="
  "resolved" "https://registry.npmjs.org/@swc/helpers/-/helpers-0.5.1.tgz"
  "version" "0.5.1"
  dependencies:
    "tslib" "^2.4.0"

"@types/body-parser@*":
  "integrity" "sha512-ALYone6pm6QmwZoAgeyNksccT9Q4AWZQ6PvfwR37GT6r6FWUPguq6sUmNGSMV2Wr761oQoBxwGGa6DR5o1DC9g=="
  "resolved" "https://registry.npmjs.org/@types/body-parser/-/body-parser-1.19.2.tgz"
  "version" "1.19.2"
  dependencies:
    "@types/connect" "*"
    "@types/node" "*"

"@types/connect@*":
  "integrity" "sha512-cdeYyv4KWoEgpBISTxWvqYsVy444DOqehiF3fM3ne10AmJ62RSyNkUnxMJXHQWRQQX2eR94m5y1IZyDwBjV9FQ=="
  "resolved" "https://registry.npmjs.org/@types/connect/-/connect-3.4.35.tgz"
  "version" "3.4.35"
  dependencies:
    "@types/node" "*"

"@types/cookies@0.7.7":
  "integrity" "sha512-h7BcvPUogWbKCzBR2lY4oqaZbO3jXZksexYJVFvkrFeLgbZjQkU4x8pRq6eg2MHXQhY0McQdqmmsxRWlVAHooA=="
  "resolved" "https://registry.npmjs.org/@types/cookies/-/cookies-0.7.7.tgz"
  "version" "0.7.7"
  dependencies:
    "@types/connect" "*"
    "@types/express" "*"
    "@types/keygrip" "*"
    "@types/node" "*"

"@types/express-serve-static-core@^4.17.18":
  "integrity" "sha512-wALWQwrgiB2AWTT91CB62b6Yt0sNHpznUXeZEcnPU3DRdlDIz74x8Qg1UUYKSVFi+va5vKOLYRBI1bRKiLLKIg=="
  "resolved" "https://registry.npmjs.org/@types/express-serve-static-core/-/express-serve-static-core-4.17.35.tgz"
  "version" "4.17.35"
  dependencies:
    "@types/node" "*"
    "@types/qs" "*"
    "@types/range-parser" "*"
    "@types/send" "*"

"@types/express@*", "@types/express@4.17.14":
  "integrity" "sha512-TEbt+vaPFQ+xpxFLFssxUDXj5cWCxZJjIcB7Yg0k0GMHGtgtQgpvx/MUQUeAkNbA9AAGrwkAsoeItdTgS7FMyg=="
  "resolved" "https://registry.npmjs.org/@types/express/-/express-4.17.14.tgz"
  "version" "4.17.14"
  dependencies:
    "@types/body-parser" "*"
    "@types/express-serve-static-core" "^4.17.18"
    "@types/qs" "*"
    "@types/serve-static" "*"

"@types/http-errors@*":
  "integrity" "sha512-/K3ds8TRAfBvi5vfjuz8y6+GiAYBZ0x4tXv1Av6CWBWn0IlADc+ZX9pMq7oU0fNQPnBwIZl3rmeLp6SBApbxSQ=="
  "resolved" "https://registry.npmjs.org/@types/http-errors/-/http-errors-2.0.1.tgz"
  "version" "2.0.1"

"@types/keygrip@*":
  "integrity" "sha512-GJhpTepz2udxGexqos8wgaBx4I/zWIDPh/KOGEwAqtuGDkOUJu5eFvwmdBX4AmB8Odsr+9pHCQqiAqDL/yKMKw=="
  "resolved" "https://registry.npmjs.org/@types/keygrip/-/keygrip-1.0.2.tgz"
  "version" "1.0.2"

"@types/mime@*", "@types/mime@^1":
  "integrity" "sha512-YATxVxgRqNH6nHEIsvg6k2Boc1JHI9ZbH5iWFFv/MTkchz3b1ieGDa5T0a9RznNdI0KhVbdbWSN+KWWrQZRxTw=="
  "resolved" "https://registry.npmjs.org/@types/mime/-/mime-1.3.2.tgz"
  "version" "1.3.2"

"@types/node-fetch@2.6.2":
  "integrity" "sha512-DHqhlq5jeESLy19TYhLakJ07kNumXWjcDdxXsLUMJZ6ue8VZJj4kLPQVE/2mdHh3xZziNF1xppu5lwmS53HR+A=="
  "resolved" "https://registry.npmjs.org/@types/node-fetch/-/node-fetch-2.6.2.tgz"
  "version" "2.6.2"
  dependencies:
    "@types/node" "*"
    "form-data" "^3.0.0"

"@types/node@*", "@types/node@16.18.6":
  "integrity" "sha512-vmYJF0REqDyyU0gviezF/KHq/fYaUbFhkcNbQCuPGFQj6VTbXuHZoxs/Y7mutWe73C8AC6l9fFu8mSYiBAqkGA=="
  "resolved" "https://registry.npmjs.org/@types/node/-/node-16.18.6.tgz"
  "version" "16.18.6"

"@types/prop-types@*":
  "integrity" "sha512-JCB8C6SnDoQf0cNycqd/35A7MjcnK+ZTqE7judS6o7utxUCg6imJg3QK2qzHKszlTjcj2cn+NwMB2i96ubpj7w=="
  "resolved" "https://registry.npmjs.org/@types/prop-types/-/prop-types-15.7.5.tgz"
  "version" "15.7.5"

"@types/qs@*":
  "integrity" "sha512-FGa1F62FT09qcrueBA6qYTrJPVDzah9a+493+o2PCXsesWHIn27G98TsSMs3WPNbZIEj4+VJf6saSFpvD+3Zsw=="
  "resolved" "https://registry.npmjs.org/@types/qs/-/qs-6.9.7.tgz"
  "version" "6.9.7"

"@types/range-parser@*":
  "integrity" "sha512-EEhsLsD6UsDM1yFhAvy0Cjr6VwmpMWqFBCb9w07wVugF7w9nfajxLuVmngTIpgS6svCnm6Vaw+MZhoDCKnOfsw=="
  "resolved" "https://registry.npmjs.org/@types/range-parser/-/range-parser-1.2.4.tgz"
  "version" "1.2.4"

"@types/react@^18.2.15":
  "integrity" "sha512-oEjE7TQt1fFTFSbf8kkNuc798ahTUzn3Le67/PWjE8MAfYAD/qB7O8hSTcromLFqHCt9bcdOg5GXMokzTjJ5SA=="
  "resolved" "https://registry.npmjs.org/@types/react/-/react-18.2.15.tgz"
  "version" "18.2.15"
  dependencies:
    "@types/prop-types" "*"
    "@types/scheduler" "*"
    "csstype" "^3.0.2"

"@types/scheduler@*":
  "integrity" "sha512-5cJ8CB4yAx7BH1oMvdU0Jh9lrEXyPkar6F9G/ERswkCuvP4KQZfZkSjcMbAICCpQTN4OuZn8tz0HiKv9TGZgrQ=="
  "resolved" "https://registry.npmjs.org/@types/scheduler/-/scheduler-0.16.3.tgz"
  "version" "0.16.3"

"@types/send@*":
  "integrity" "sha512-Cwo8LE/0rnvX7kIIa3QHCkcuF21c05Ayb0ZfxPiv0W8VRiZiNW/WuRupHKpqqGVGf7SUA44QSOUKaEd9lIrd/Q=="
  "resolved" "https://registry.npmjs.org/@types/send/-/send-0.17.1.tgz"
  "version" "0.17.1"
  dependencies:
    "@types/mime" "^1"
    "@types/node" "*"

"@types/serve-static@*":
  "integrity" "sha512-J2LqtvFYCzaj8pVYKw8klQXrLLk7TBZmQ4ShlcdkELFKGwGMfevMLneMMRkMgZxotOD9wg497LpC7O8PcvAmfw=="
  "resolved" "https://registry.npmjs.org/@types/serve-static/-/serve-static-1.15.2.tgz"
  "version" "1.15.2"
  dependencies:
    "@types/http-errors" "*"
    "@types/mime" "*"
    "@types/node" "*"

"asn1js@^3.0.1", "asn1js@^3.0.5":
  "integrity" "sha512-FVnvrKJwpt9LP2lAMl8qZswRNm3T4q9CON+bxldk2iwk3FFpuwhx2FfinyitizWHsVYyaY+y5JzDR0rCMV5yTQ=="
  "resolved" "https://registry.npmjs.org/asn1js/-/asn1js-3.0.5.tgz"
  "version" "3.0.5"
  dependencies:
    "pvtsutils" "^1.3.2"
    "pvutils" "^1.1.3"
    "tslib" "^2.4.0"

"asynckit@^0.4.0":
  "integrity" "sha512-Oei9OH4tRh0YqU3GxhX79dM/mwVgvbZJaSNaRk+bshkj0S5cfHcgYakreBjrHwatXKbz+IoIdYLxrKim2MjW0Q=="
  "resolved" "https://registry.npmjs.org/asynckit/-/asynckit-0.4.0.tgz"
  "version" "0.4.0"

"busboy@1.6.0":
  "integrity" "sha512-8SFQbg/0hQ9xy3UNTB0YEnsNBbWfhf7RtnzpL7TkBiTBRfrQ9Fxcnz7VJsleJpyp6rVLvXiuORqjlHi5q+PYuA=="
  "resolved" "https://registry.npmjs.org/busboy/-/busboy-1.6.0.tgz"
  "version" "1.6.0"
  dependencies:
    "streamsearch" "^1.1.0"

"camelcase-keys@6.2.2":
  "integrity" "sha512-YrwaA0vEKazPBkn0ipTiMpSajYDSe+KjQfrjhcBMxJt/znbvlHd8Pw/Vamaz5EB4Wfhs3SUR3Z9mwRu/P3s3Yg=="
  "resolved" "https://registry.npmjs.org/camelcase-keys/-/camelcase-keys-6.2.2.tgz"
  "version" "6.2.2"
  dependencies:
    "camelcase" "^5.3.1"
    "map-obj" "^4.0.0"
    "quick-lru" "^4.0.1"

"camelcase@^5.3.1":
  "integrity" "sha512-L28STB170nwWS63UjtlEOE3dldQApaJXZkOI1uMFfzf3rRuPegHaHesyee+YxQ+W6SvRDQV6UrdOdRiR153wJg=="
  "resolved" "https://registry.npmjs.org/camelcase/-/camelcase-5.3.1.tgz"
  "version" "5.3.1"

"caniuse-lite@^1.0.30001406":
  "integrity" "sha512-Wmec9pCBY8CWbmI4HsjBeQLqDTqV91nFVR83DnZpYyRnPI1wePDsTg0bGLPC5VU/3OIZV1fmxEea1b+tFKe86g=="
  "resolved" "https://registry.npmjs.org/caniuse-lite/-/caniuse-lite-1.0.30001516.tgz"
  "version" "1.0.30001516"

"client-only@0.0.1":
  "integrity" "sha512-IV3Ou0jSMzZrd3pZ48nLkT9DA7Ag1pnPzaiQhpW7c3RbcqqzvzzVu+L8gfqMp/8IM2MQtSiqaCxrrcfu8I8rMA=="
  "resolved" "https://registry.npmjs.org/client-only/-/client-only-0.0.1.tgz"
  "version" "0.0.1"

"combined-stream@^1.0.8":
  "integrity" "sha512-FQN4MRfuJeHf7cBbBMJFXhKSDq+2kAArBlmRBvcvFE5BB1HZKXtSFASDhdlz9zOYwxh8lDdnvmMOe/+5cdoEdg=="
  "resolved" "https://registry.npmjs.org/combined-stream/-/combined-stream-1.0.8.tgz"
  "version" "1.0.8"
  dependencies:
    "delayed-stream" "~1.0.0"

"cookie@0.5.0":
  "integrity" "sha512-YZ3GUyn/o8gfKJlnlX7g7xq4gyO6OSuhGPKaaGssGB2qgDUS0gPgtTvoyZLTt9Ab6dC4hfc9dV5arkvc/OCmrw=="
  "resolved" "https://registry.npmjs.org/cookie/-/cookie-0.5.0.tgz"
  "version" "0.5.0"

"csstype@^3.0.2":
  "integrity" "sha512-I7K1Uu0MBPzaFKg4nI5Q7Vs2t+3gWWW648spaF+Rg7pI9ds18Ugn+lvg4SHczUdKlHI5LWBXyqfS8+DufyBsgQ=="
  "resolved" "https://registry.npmjs.org/csstype/-/csstype-3.1.2.tgz"
  "version" "3.1.2"

"csstype@3.1.1":
  "integrity" "sha512-DJR/VvkAvSZW9bTouZue2sSxDwdTN92uHjqeKVm+0dAqdfNykRzQ95tay8aXMBAAPpUiq4Qcug2L7neoRh2Egw=="
  "resolved" "https://registry.npmjs.org/csstype/-/csstype-3.1.1.tgz"
  "version" "3.1.1"

"deepmerge@4.2.2":
  "integrity" "sha512-FJ3UgI4gIl+PHZm53knsuSFpE+nESMr7M4v9QcgB7S63Kj/6WqMiFQJpBBYz1Pt+66bZpP3Q7Lye0Oo9MPKEdg=="
  "resolved" "https://registry.npmjs.org/deepmerge/-/deepmerge-4.2.2.tgz"
  "version" "4.2.2"

"delayed-stream@~1.0.0":
  "integrity" "sha512-ZySD7Nf91aLB0RxL4KGrKHBXl7Eds1DAmEdcoVawXnLD7SDhpNgtuII2aAkg7a7QS41jxPSZ17p4VdGnMHk3MQ=="
  "resolved" "https://registry.npmjs.org/delayed-stream/-/delayed-stream-1.0.0.tgz"
  "version" "1.0.0"

"dot-case@^3.0.4":
  "integrity" "sha512-Kv5nKlh6yRrdrGvxeJ2e5y2eRUpkUosIW4A2AS38zwSz27zu7ufDwQPi5Jhs3XAlGNetl3bmnGhQsMtkKJnj3w=="
  "resolved" "https://registry.npmjs.org/dot-case/-/dot-case-3.0.4.tgz"
  "version" "3.0.4"
  dependencies:
    "no-case" "^3.0.4"
    "tslib" "^2.0.3"

"form-data@^3.0.0":
  "integrity" "sha512-RHkBKtLWUVwd7SqRIvCZMEvAMoGUp0XU+seQiZejj0COz3RI3hWP4sCv3gZWWLjJTd7rGwcsF5eKZGii0r/hbg=="
  "resolved" "https://registry.npmjs.org/form-data/-/form-data-3.0.1.tgz"
  "version" "3.0.1"
  dependencies:
    "asynckit" "^0.4.0"
    "combined-stream" "^1.0.8"
    "mime-types" "^2.1.12"

"glob-to-regexp@^0.4.1", "glob-to-regexp@0.4.1":
  "integrity" "sha512-lkX1HJXwyMcprw/5YUZc2s7DrpAiHB21/V+E1rHUrVNokkvB6bqMzT0VfV6/86ZNabt1k14YOIaT7nDvOX3Iiw=="
  "resolved" "https://registry.npmjs.org/glob-to-regexp/-/glob-to-regexp-0.4.1.tgz"
  "version" "0.4.1"

"graceful-fs@^4.1.2":
  "integrity" "sha512-RbJ5/jmFcNNCcDV5o9eTnBLJ/HszWV0P73bc+Ff4nS/rJj+YaS6IGyiOL0VoBYX+l1Wrl3k63h/KrH+nhJ0XvQ=="
  "resolved" "https://registry.npmjs.org/graceful-fs/-/graceful-fs-4.2.11.tgz"
  "version" "4.2.11"

"js-cookie@3.0.1":
  "integrity" "sha512-+0rgsUXZu4ncpPxRL+lNEptWMOWl9etvPHc/koSRp6MPwpRYAhmk0dUG00J4bxVV3r9uUzfo24wW0knS07SKSw=="
  "resolved" "https://registry.npmjs.org/js-cookie/-/js-cookie-3.0.1.tgz"
  "version" "3.0.1"

"js-tokens@^3.0.0 || ^4.0.0":
  "integrity" "sha512-RdJUflcE3cUzKiMqQgsCu06FPu9UdIJO0beYbPhHN4k6apgJtifcoCtT9bcxOpYBtpD2kCM6Sbzg4CausW/PKQ=="
  "resolved" "https://registry.npmjs.org/js-tokens/-/js-tokens-4.0.0.tgz"
  "version" "4.0.0"

"loose-envify@^1.1.0":
  "integrity" "sha512-lyuxPGr/Wfhrlem2CL/UcnUc1zcqKAImBDzukY7Y5F/yQiNdko6+fRLevlw1HgMySw7f611UIY408EtxRSoK3Q=="
  "resolved" "https://registry.npmjs.org/loose-envify/-/loose-envify-1.4.0.tgz"
  "version" "1.4.0"
  dependencies:
    "js-tokens" "^3.0.0 || ^4.0.0"

"lower-case@^2.0.2":
  "integrity" "sha512-7fm3l3NAF9WfN6W3JOmf5drwpVqX78JtoGJ3A6W0a6ZnldM41w2fV5D490psKFTpMds8TJse/eHLFFsNHHjHgg=="
  "resolved" "https://registry.npmjs.org/lower-case/-/lower-case-2.0.2.tgz"
  "version" "2.0.2"
  dependencies:
    "tslib" "^2.0.3"

"map-obj@^4.0.0", "map-obj@^4.1.0":
  "integrity" "sha512-hdN1wVrZbb29eBGiGjJbeP8JbKjq1urkHJ/LIP/NY48MZ1QVXUsQBV1G1zvYFHn1XE06cwjBsOI2K3Ulnj1YXQ=="
  "resolved" "https://registry.npmjs.org/map-obj/-/map-obj-4.3.0.tgz"
  "version" "4.3.0"

"mime-db@1.52.0":
  "integrity" "sha512-sPU4uV7dYlvtWJxwwxHD0PuihVNiE7TyAbQ5SWxDCB9mUYvOgroQOwYQQOKPJ8CIbE+1ETVlOoK1UC2nU3gYvg=="
  "resolved" "https://registry.npmjs.org/mime-db/-/mime-db-1.52.0.tgz"
  "version" "1.52.0"

"mime-types@^2.1.12":
  "integrity" "sha512-ZDY+bPm5zTTF+YpCrAU9nK0UgICYPT0QtT1NZWFv4s++TNkcgVaT0g6+4R2uI4MjQjzysHB1zxuWL50hzaeXiw=="
  "resolved" "https://registry.npmjs.org/mime-types/-/mime-types-2.1.35.tgz"
  "version" "2.1.35"
  dependencies:
    "mime-db" "1.52.0"

"nanoid@^3.3.4":
  "integrity" "sha512-BGcqMMJuToF7i1rt+2PWSNVnWIkGCU78jBG3RxO/bZlnZPK2Cmi2QaffxGO/2RvWi9sL+FAiRiXMgsyxQ1DIDA=="
  "resolved" "https://registry.npmjs.org/nanoid/-/nanoid-3.3.6.tgz"
  "version" "3.3.6"

"next@>=10":
  "integrity" "sha512-4ep6aKxVTQ7rkUW2fBLhpBr/5oceCuf4KmlUpvG/aXuDTIf9mexNSpabUD6RWPspu6wiJJvozZREhXhueYO36A=="
  "resolved" "https://registry.npmjs.org/next/-/next-13.4.10.tgz"
  "version" "13.4.10"
  dependencies:
    "@next/env" "13.4.10"
    "@swc/helpers" "0.5.1"
    "busboy" "1.6.0"
    "caniuse-lite" "^1.0.30001406"
    "postcss" "8.4.14"
    "styled-jsx" "5.1.1"
    "watchpack" "2.4.0"
    "zod" "3.21.4"
  optionalDependencies:
    "@next/swc-darwin-arm64" "13.4.10"
    "@next/swc-darwin-x64" "13.4.10"
    "@next/swc-linux-arm64-gnu" "13.4.10"
    "@next/swc-linux-arm64-musl" "13.4.10"
    "@next/swc-linux-x64-gnu" "13.4.10"
    "@next/swc-linux-x64-musl" "13.4.10"
    "@next/swc-win32-arm64-msvc" "13.4.10"
    "@next/swc-win32-ia32-msvc" "13.4.10"
    "@next/swc-win32-x64-msvc" "13.4.10"

"no-case@^3.0.4":
  "integrity" "sha512-fgAN3jGAh+RoxUGZHTSOLJIqUc2wmoBwGR4tbpNAKmmovFoWq0OdRkb0VkldReO2a2iBT/OEulG9XSUc10r3zg=="
  "resolved" "https://registry.npmjs.org/no-case/-/no-case-3.0.4.tgz"
  "version" "3.0.4"
  dependencies:
    "lower-case" "^2.0.2"
    "tslib" "^2.0.3"

"node-fetch-native@1.0.1":
  "integrity" "sha512-VzW+TAk2wE4X9maiKMlT+GsPU4OMmR1U9CrHSmd3DFLn2IcZ9VJ6M6BBugGfYUnPCLSYxXdZy17M0BEJyhUTwg=="
  "resolved" "https://registry.npmjs.org/node-fetch-native/-/node-fetch-native-1.0.1.tgz"
  "version" "1.0.1"

"path-to-regexp@6.2.1":
  "integrity" "sha512-JLyh7xT1kizaEvcaXOQwOc2/Yhw6KZOvPf1S8401UyLk86CU79LN3vl7ztXGm/pZ+YjoyAJ4rxmHwbkBXJX+yw=="
  "resolved" "https://registry.npmjs.org/path-to-regexp/-/path-to-regexp-6.2.1.tgz"
  "version" "6.2.1"

"picocolors@^1.0.0":
  "integrity" "sha512-1fygroTLlHu66zi26VoTDv8yRgm0Fccecssto+MhsZ0D/DGW2sm8E8AjW7NU5VVTRt5GxbeZ5qBuJr+HyLYkjQ=="
  "resolved" "https://registry.npmjs.org/picocolors/-/picocolors-1.0.0.tgz"
  "version" "1.0.0"

"postcss@8.4.14":
  "integrity" "sha512-E398TUmfAYFPBSdzgeieK2Y1+1cpdxJx8yXbK/m57nRhKSmk1GB2tO4lbLBtlkfPQTDKfe4Xqv1ASWPpayPEig=="
  "resolved" "https://registry.npmjs.org/postcss/-/postcss-8.4.14.tgz"
  "version" "8.4.14"
  dependencies:
    "nanoid" "^3.3.4"
    "picocolors" "^1.0.0"
    "source-map-js" "^1.0.2"

"pvtsutils@^1.3.2":
  "integrity" "sha512-+Ipe2iNUyrZz+8K/2IOo+kKikdtfhRKzNpQbruF2URmqPtoqAs8g3xS7TJvFF2GcPXjh7DkqMnpVveRFq4PgEQ=="
  "resolved" "https://registry.npmjs.org/pvtsutils/-/pvtsutils-1.3.2.tgz"
  "version" "1.3.2"
  dependencies:
    "tslib" "^2.4.0"

"pvutils@^1.1.3":
  "integrity" "sha512-pMpnA0qRdFp32b1sJl1wOJNxZLQ2cbQx+k6tjNtZ8CpvVhNqEPRgivZ2WOUev2YMajecdH7ctUPDvEe87nariQ=="
  "resolved" "https://registry.npmjs.org/pvutils/-/pvutils-1.1.3.tgz"
  "version" "1.1.3"

"quick-lru@^4.0.1":
  "integrity" "sha512-ARhCpm70fzdcvNQfPoy49IaanKkTlRWF2JMzqhcJbhSFRZv7nPTvZJdcY7301IPmvW+/p0RgIWnQDLJxifsQ7g=="
  "resolved" "https://registry.npmjs.org/quick-lru/-/quick-lru-4.0.1.tgz"
  "version" "4.0.1"

"react-dom@^17.0.2 || ^18.0.0-0", "react-dom@^18.2.0":
  "integrity" "sha512-6IMTriUmvsjHUjNtEDudZfuDQUoWXVxKHhlEGSk81n4YFS+r/Kl99wXiwlVXtPBtJenozv2P+hxDsw9eA7Xo6g=="
  "resolved" "https://registry.npmjs.org/react-dom/-/react-dom-18.2.0.tgz"
  "version" "18.2.0"
  dependencies:
    "loose-envify" "^1.1.0"
    "scheduler" "^0.23.0"

"react@^16.11.0 || ^17.0.0 || ^18.0.0", "react@^17.0.2 || ^18.0.0-0", "react@^18.2.0", "react@>= 16.8.0 || 17.x.x || ^18.0.0-0", "react@>=16":
  "integrity" "sha512-/3IjMdb2L9QbBdWiW5e3P2/npwMBaU9mHCSCUzNln0ZCYbcfTsGbTJrU/kGemdH2IWmB2ioZ+zkxtmq6g09fGQ=="
  "resolved" "https://registry.npmjs.org/react/-/react-18.2.0.tgz"
  "version" "18.2.0"
  dependencies:
    "loose-envify" "^1.1.0"

"scheduler@^0.23.0":
  "integrity" "sha512-CtuThmgHNg7zIZWAXi3AsyIzA3n4xx7aNyjwC2VJldO2LMVDhFK+63xGqq6CsJH4rTAt6/M+N4GhZiDYPx9eUw=="
  "resolved" "https://registry.npmjs.org/scheduler/-/scheduler-0.23.0.tgz"
  "version" "0.23.0"
  dependencies:
    "loose-envify" "^1.1.0"

"snake-case@^3.0.4":
  "integrity" "sha512-LAOh4z89bGQvl9pFfNF8V146i7o7/CqFPbqzYgP+yYzDIDeS9HaNFtXABamRW+AQzEVODcvE79ljJ+8a9YSdMg=="
  "resolved" "https://registry.npmjs.org/snake-case/-/snake-case-3.0.4.tgz"
  "version" "3.0.4"
  dependencies:
    "dot-case" "^3.0.4"
    "tslib" "^2.0.3"

"snakecase-keys@3.2.1":
  "integrity" "sha512-CjU5pyRfwOtaOITYv5C8DzpZ8XA/ieRsDpr93HI2r6e3YInC6moZpSQbmUtg8cTk58tq2x3jcG2gv+p1IZGmMA=="
  "resolved" "https://registry.npmjs.org/snakecase-keys/-/snakecase-keys-3.2.1.tgz"
  "version" "3.2.1"
  dependencies:
    "map-obj" "^4.1.0"
    "to-snake-case" "^1.0.0"

"snakecase-keys@5.4.4":
  "integrity" "sha512-YTywJG93yxwHLgrYLZjlC75moVEX04LZM4FHfihjHe1FCXm+QaLOFfSf535aXOAd0ArVQMWUAe8ZPm4VtWyXaA=="
  "resolved" "https://registry.npmjs.org/snakecase-keys/-/snakecase-keys-5.4.4.tgz"
  "version" "5.4.4"
  dependencies:
    "map-obj" "^4.1.0"
    "snake-case" "^3.0.4"
    "type-fest" "^2.5.2"

"source-map-js@^1.0.2":
  "integrity" "sha512-R0XvVJ9WusLiqTCEiGCmICCMplcCkIwwR11mOSD9CR5u+IXYdiseeEuXCVAjS54zqwkLcPNnmU4OeJ6tUrWhDw=="
  "resolved" "https://registry.npmjs.org/source-map-js/-/source-map-js-1.0.2.tgz"
  "version" "1.0.2"

"streamsearch@^1.1.0":
  "integrity" "sha512-Mcc5wHehp9aXz1ax6bZUyY5afg9u2rv5cqQI3mRrYkGC8rW2hM02jWuwjtL++LS5qinSyhj2QfLyNsuc+VsExg=="
  "resolved" "https://registry.npmjs.org/streamsearch/-/streamsearch-1.1.0.tgz"
  "version" "1.1.0"

"styled-jsx@5.1.1":
  "integrity" "sha512-pW7uC1l4mBZ8ugbiZrcIsiIvVx1UmTfw7UkC3Um2tmfUq9Bhk8IiyEIPl6F8agHgjzku6j0xQEZbfA5uSgSaCw=="
  "resolved" "https://registry.npmjs.org/styled-jsx/-/styled-jsx-5.1.1.tgz"
  "version" "5.1.1"
  dependencies:
    "client-only" "0.0.1"

"swr@1.3.0":
  "integrity" "sha512-dkghQrOl2ORX9HYrMDtPa7LTVHJjCTeZoB1dqTbnnEDlSvN8JEKpYIYurDfvbQFUUS8Cg8PceFVZNkW0KNNYPw=="
  "resolved" "https://registry.npmjs.org/swr/-/swr-1.3.0.tgz"
  "version" "1.3.0"

"to-no-case@^1.0.0":
  "integrity" "sha512-Z3g735FxuZY8rodxV4gH7LxClE4H0hTIyHNIHdk+vpQxjLm0cwnKXq/OFVZ76SOQmto7txVcwSCwkU5kqp+FKg=="
  "resolved" "https://registry.npmjs.org/to-no-case/-/to-no-case-1.0.2.tgz"
  "version" "1.0.2"

"to-snake-case@^1.0.0":
  "integrity" "sha512-joRpzBAk1Bhi2eGEYBjukEWHOe/IvclOkiJl3DtA91jV6NwQ3MwXA4FHYeqk8BNp/D8bmi9tcNbRu/SozP0jbQ=="
  "resolved" "https://registry.npmjs.org/to-snake-case/-/to-snake-case-1.0.0.tgz"
  "version" "1.0.0"
  dependencies:
    "to-space-case" "^1.0.0"

"to-space-case@^1.0.0":
  "integrity" "sha512-rLdvwXZ39VOn1IxGL3V6ZstoTbwLRckQmn/U8ZDLuWwIXNpuZDhQ3AiRUlhTbOXFVE9C+dR51wM0CBDhk31VcA=="
  "resolved" "https://registry.npmjs.org/to-space-case/-/to-space-case-1.0.0.tgz"
  "version" "1.0.0"
  dependencies:
    "to-no-case" "^1.0.0"

"tslib@^2.0.0", "tslib@^2.0.3", "tslib@^2.4.0", "tslib@^2.4.1", "tslib@2.4.1":
  "integrity" "sha512-tGyy4dAjRIEwI7BzsB0lynWgOpfqjUdq91XXAlIWD2OwKBH7oCl/GZG/HT4BOHrTlPMOASlMQ7veyTqpmRcrNA=="
  "resolved" "https://registry.npmjs.org/tslib/-/tslib-2.4.1.tgz"
  "version" "2.4.1"

"type-fest@^2.5.2":
  "integrity" "sha512-RAH822pAdBgcNMAfWnCBU3CFZcfZ/i1eZjwFU/dsLKumyuuP3niueg2UAukXYF0E2AAoc82ZSSf9J0WQBinzHA=="
  "resolved" "https://registry.npmjs.org/type-fest/-/type-fest-2.19.0.tgz"
  "version" "2.19.0"

"watchpack@2.4.0":
  "integrity" "sha512-Lcvm7MGST/4fup+ifyKi2hjyIAwcdI4HRgtvTpIUxBRhB+RFtUh8XtDOxUfctVCnhVi+QQj49i91OyvzkJl6cg=="
  "resolved" "https://registry.npmjs.org/watchpack/-/watchpack-2.4.0.tgz"
  "version" "2.4.0"
  dependencies:
    "glob-to-regexp" "^0.4.1"
    "graceful-fs" "^4.1.2"

"webcrypto-core@^1.7.4":
  "integrity" "sha512-7FjigXNsBfopEj+5DV2nhNpfic2vumtjjgPmeDKk45z+MJwXKKfhPB7118Pfzrmh4jqOMST6Ch37iPAHoImg5g=="
  "resolved" "https://registry.npmjs.org/webcrypto-core/-/webcrypto-core-1.7.7.tgz"
  "version" "1.7.7"
  dependencies:
    "@peculiar/asn1-schema" "^2.3.6"
    "@peculiar/json-schema" "^1.1.12"
    "asn1js" "^3.0.1"
    "pvtsutils" "^1.3.2"
    "tslib" "^2.4.0"

"zod@3.21.4":
  "integrity" "sha512-m46AKbrzKVzOzs/DZgVnG5H55N1sv1M8qZU3A8RIKbs3mrACDNeIOeilDymVb2HdmP8uwshOCF4uJ8uM9rCqJw=="
  "resolved" "https://registry.npmjs.org/zod/-/zod-3.21.4.tgz"
  "version" "3.21.4"
